uuid: 89a158bf-e923-4a58-8f84-377006a478f6
langcode: en
status: true
dependencies:
  module:
    - node
    - qr_scanner_block
    - system
  theme:
    - bartik
id: qrscannerblock
theme: bartik
region: sidebar_first
weight: 0
provider: null
plugin: qr_scanner_block
settings:
  id: qr_scanner_block
  label: 'Scan here on your mobile'
  provider: qr_scanner_block
  label_display: visible
visibility:
  node_type:
    id: node_type
    bundles:
      products: products
    negate: false
    context_mapping:
      node: '@node.node_route_context:node'
  request_path:
    id: request_path
    pages: '/node/*'
    negate: false
    context_mapping: {  }
